
Microsoft Visual Studio Solution File, Format Version 12.00
# Visual Studio Version 17
VisualStudioVersion = 17.1.31911.260
MinimumVisualStudioVersion = 10.0.40219.1
Project("{9A19103F-16F7-4668-BE54-9A1E7A4F7556}") = "MLL", "MLL\MLL.csproj", "{E608469C-DB49-469B-A75A-00D419D34D2C}"
EndProject
Project("{9A19103F-16F7-4668-BE54-9A1E7A4F7556}") = "MLL.Benchmark", "MLL.Benchmark\MLL.Benchmark.csproj", "{37646FD6-E0AE-466F-A2B2-C553503E3B14}"
EndProject
Project("{9A19103F-16F7-4668-BE54-9A1E7A4F7556}") = "MLL.CUI", "MLL.CUI\MLL.CUI.csproj", "{071AD023-7E27-410A-A620-F92685215ED8}"
EndProject
Project("{9A19103F-16F7-4668-BE54-9A1E7A4F7556}") = "MLL.UI", "MLL.UI\MLL.UI.csproj", "{05C83584-D79C-4052-AE88-54B3E311268C}"
EndProject
Project("{2150E333-8FDC-42A3-9474-1A3956D46DE8}") = "Tests", "Tests", "{874FC094-844E-48AC-A373-27D53F63AEE9}"
EndProject
Project("{9A19103F-16F7-4668-BE54-9A1E7A4F7556}") = "MLL.Tests", "MLL.Tests\MLL.Tests.csproj", "{12AC0E4F-8A0D-4885-A92C-2C6678B25D32}"
EndProject
Global
	GlobalSection(SolutionConfigurationPlatforms) = preSolution
		Debug|Any CPU = Debug|Any CPU
		Debug|x64 = Debug|x64
		Release|Any CPU = Release|Any CPU
		Release|x64 = Release|x64
	EndGlobalSection
	GlobalSection(ProjectConfigurationPlatforms) = postSolution
		{E608469C-DB49-469B-A75A-00D419D34D2C}.Debug|Any CPU.ActiveCfg = Debug|Any CPU
		{E608469C-DB49-469B-A75A-00D419D34D2C}.Debug|Any CPU.Build.0 = Debug|Any CPU
		{E608469C-DB49-469B-A75A-00D419D34D2C}.Debug|x64.ActiveCfg = Debug|x64
		{E608469C-DB49-469B-A75A-00D419D34D2C}.Debug|x64.Build.0 = Debug|x64
		{E608469C-DB49-469B-A75A-00D419D34D2C}.Release|Any CPU.ActiveCfg = Release|Any CPU
		{E608469C-DB49-469B-A75A-00D419D34D2C}.Release|Any CPU.Build.0 = Release|Any CPU
		{E608469C-DB49-469B-A75A-00D419D34D2C}.Release|x64.ActiveCfg = Release|x64
		{E608469C-DB49-469B-A75A-00D419D34D2C}.Release|x64.Build.0 = Release|x64
		{37646FD6-E0AE-466F-A2B2-C553503E3B14}.Debug|Any CPU.ActiveCfg = Debug|Any CPU
		{37646FD6-E0AE-466F-A2B2-C553503E3B14}.Debug|Any CPU.Build.0 = Debug|Any CPU
		{37646FD6-E0AE-466F-A2B2-C553503E3B14}.Debug|x64.ActiveCfg = Debug|x64
		{37646FD6-E0AE-466F-A2B2-C553503E3B14}.Debug|x64.Build.0 = Debug|x64
		{37646FD6-E0AE-466F-A2B2-C553503E3B14}.Release|Any CPU.ActiveCfg = Release|Any CPU
		{37646FD6-E0AE-466F-A2B2-C553503E3B14}.Release|Any CPU.Build.0 = Release|Any CPU
		{37646FD6-E0AE-466F-A2B2-C553503E3B14}.Release|x64.ActiveCfg = Release|x64
		{37646FD6-E0AE-466F-A2B2-C553503E3B14}.Release|x64.Build.0 = Release|x64
		{071AD023-7E27-410A-A620-F92685215ED8}.Debug|Any CPU.ActiveCfg = Debug|Any CPU
		{071AD023-7E27-410A-A620-F92685215ED8}.Debug|Any CPU.Build.0 = Debug|Any CPU
		{071AD023-7E27-410A-A620-F92685215ED8}.Debug|x64.ActiveCfg = Debug|x64
		{071AD023-7E27-410A-A620-F92685215ED8}.Debug|x64.Build.0 = Debug|x64
		{071AD023-7E27-410A-A620-F92685215ED8}.Release|Any CPU.ActiveCfg = Release|Any CPU
		{071AD023-7E27-410A-A620-F92685215ED8}.Release|Any CPU.Build.0 = Release|Any CPU
		{071AD023-7E27-410A-A620-F92685215ED8}.Release|x64.ActiveCfg = Release|x64
		{071AD023-7E27-410A-A620-F92685215ED8}.Release|x64.Build.0 = Release|x64
		{05C83584-D79C-4052-AE88-54B3E311268C}.Debug|Any CPU.ActiveCfg = Debug|Any CPU
		{05C83584-D79C-4052-AE88-54B3E311268C}.Debug|Any CPU.Build.0 = Debug|Any CPU
		{05C83584-D79C-4052-AE88-54B3E311268C}.Debug|x64.ActiveCfg = Debug|x64
		{05C83584-D79C-4052-AE88-54B3E311268C}.Debug|x64.Build.0 = Debug|x64
		{05C83584-D79C-4052-AE88-54B3E311268C}.Release|Any CPU.ActiveCfg = Release|Any CPU
		{05C83584-D79C-4052-AE88-54B3E311268C}.Release|Any CPU.Build.0 = Release|Any CPU
		{05C83584-D79C-4052-AE88-54B3E311268C}.Release|x64.ActiveCfg = Release|x64
		{05C83584-D79C-4052-AE88-54B3E311268C}.Release|x64.Build.0 = Release|x64
		{12AC0E4F-8A0D-4885-A92C-2C6678B25D32}.Debug|Any CPU.ActiveCfg = Debug|Any CPU
		{12AC0E4F-8A0D-4885-A92C-2C6678B25D32}.Debug|Any CPU.Build.0 = Debug|Any CPU
		{12AC0E4F-8A0D-4885-A92C-2C6678B25D32}.Debug|x64.ActiveCfg = Debug|x64
		{12AC0E4F-8A0D-4885-A92C-2C6678B25D32}.Debug|x64.Build.0 = Debug|x64
		{12AC0E4F-8A0D-4885-A92C-2C6678B25D32}.Release|Any CPU.ActiveCfg = Release|Any CPU
		{12AC0E4F-8A0D-4885-A92C-2C6678B25D32}.Release|Any CPU.Build.0 = Release|Any CPU
		{12AC0E4F-8A0D-4885-A92C-2C6678B25D32}.Release|x64.ActiveCfg = Release|x64
		{12AC0E4F-8A0D-4885-A92C-2C6678B25D32}.Release|x64.Build.0 = Release|x64
	EndGlobalSection
	GlobalSection(SolutionProperties) = preSolution
		HideSolutionNode = FALSE
	EndGlobalSection
	GlobalSection(NestedProjects) = preSolution
		{37646FD6-E0AE-466F-A2B2-C553503E3B14} = {874FC094-844E-48AC-A373-27D53F63AEE9}
		{12AC0E4F-8A0D-4885-A92C-2C6678B25D32} = {874FC094-844E-48AC-A373-27D53F63AEE9}
	EndGlobalSection
	GlobalSection(ExtensibilityGlobals) = postSolution
		SolutionGuid = {0C2034FE-36B7-4C64-8E1B-4942FA977787}
	EndGlobalSection
EndGlobal
