
Microsoft Visual Studio Solution File, Format Version 12.00
# Visual Studio Version 17
VisualStudioVersion = 17.1.31911.260
MinimumVisualStudioVersion = 10.0.40219.1
Project("{9A19103F-16F7-4668-BE54-9A1E7A4F7556}") = "MLL.Benchmark", "MLL.Benchmark\MLL.Benchmark.csproj", "{37646FD6-E0AE-466F-A2B2-C553503E3B14}"
EndProject
Project("{9A19103F-16F7-4668-BE54-9A1E7A4F7556}") = "MLL.CUI", "MLL.CUI\MLL.CUI.csproj", "{071AD023-7E27-410A-A620-F92685215ED8}"
EndProject
Project("{2150E333-8FDC-42A3-9474-1A3956D46DE8}") = "Tests", "Tests", "{874FC094-844E-48AC-A373-27D53F63AEE9}"
EndProject
Project("{9A19103F-16F7-4668-BE54-9A1E7A4F7556}") = "MLL.Tests", "MLL.Tests\MLL.Tests.csproj", "{12AC0E4F-8A0D-4885-A92C-2C6678B25D32}"
EndProject
Project("{9A19103F-16F7-4668-BE54-9A1E7A4F7556}") = "MLL.Common", "MLL.Common\MLL.Common.csproj", "{50E76053-9A84-4663-BF27-0373C815C378}"
EndProject
Project("{FAE04EC0-301F-11D3-BF4B-00C04F79EFBC}") = "MLL.Computers", "MLL.Computers\MLL.Computers.csproj", "{65E61C51-96EB-4231-99F7-8655211A410A}"
EndProject
Project("{FAE04EC0-301F-11D3-BF4B-00C04F79EFBC}") = "MLL.Files", "MLL.Files\MLL.Files.csproj", "{05E94301-3496-4CE7-95B7-8CD1FF74A166}"
EndProject
Project("{2150E333-8FDC-42A3-9474-1A3956D46DE8}") = "Core", "Core", "{CC8C7DCC-AD71-47E7-902A-F63571C1D88B}"
EndProject
Project("{FAE04EC0-301F-11D3-BF4B-00C04F79EFBC}") = "MLL.Statistics", "MLL.Statistics\MLL.Statistics.csproj", "{69E26F99-9EA4-441B-AB65-EC3D1E269235}"
EndProject
Project("{FAE04EC0-301F-11D3-BF4B-00C04F79EFBC}") = "MLL.ThreadingOptimization", "MLL.ThreadingOptimization\MLL.ThreadingOptimization.csproj", "{C4FEBAF8-C7AA-4B67-82FB-F1715A47B6E4}"
EndProject
Global
	GlobalSection(SolutionConfigurationPlatforms) = preSolution
		Debug|Any CPU = Debug|Any CPU
		Debug|x64 = Debug|x64
		Release|Any CPU = Release|Any CPU
		Release|x64 = Release|x64
	EndGlobalSection
	GlobalSection(ProjectConfigurationPlatforms) = postSolution
		{37646FD6-E0AE-466F-A2B2-C553503E3B14}.Debug|Any CPU.ActiveCfg = Debug|Any CPU
		{37646FD6-E0AE-466F-A2B2-C553503E3B14}.Debug|Any CPU.Build.0 = Debug|Any CPU
		{37646FD6-E0AE-466F-A2B2-C553503E3B14}.Debug|x64.ActiveCfg = Debug|x64
		{37646FD6-E0AE-466F-A2B2-C553503E3B14}.Debug|x64.Build.0 = Debug|x64
		{37646FD6-E0AE-466F-A2B2-C553503E3B14}.Release|Any CPU.ActiveCfg = Release|Any CPU
		{37646FD6-E0AE-466F-A2B2-C553503E3B14}.Release|Any CPU.Build.0 = Release|Any CPU
		{37646FD6-E0AE-466F-A2B2-C553503E3B14}.Release|x64.ActiveCfg = Release|x64
		{37646FD6-E0AE-466F-A2B2-C553503E3B14}.Release|x64.Build.0 = Release|x64
		{071AD023-7E27-410A-A620-F92685215ED8}.Debug|Any CPU.ActiveCfg = Debug|Any CPU
		{071AD023-7E27-410A-A620-F92685215ED8}.Debug|Any CPU.Build.0 = Debug|Any CPU
		{071AD023-7E27-410A-A620-F92685215ED8}.Debug|x64.ActiveCfg = Debug|x64
		{071AD023-7E27-410A-A620-F92685215ED8}.Debug|x64.Build.0 = Debug|x64
		{071AD023-7E27-410A-A620-F92685215ED8}.Release|Any CPU.ActiveCfg = Release|Any CPU
		{071AD023-7E27-410A-A620-F92685215ED8}.Release|Any CPU.Build.0 = Release|Any CPU
		{071AD023-7E27-410A-A620-F92685215ED8}.Release|x64.ActiveCfg = Release|x64
		{071AD023-7E27-410A-A620-F92685215ED8}.Release|x64.Build.0 = Release|x64
		{12AC0E4F-8A0D-4885-A92C-2C6678B25D32}.Debug|Any CPU.ActiveCfg = Debug|Any CPU
		{12AC0E4F-8A0D-4885-A92C-2C6678B25D32}.Debug|Any CPU.Build.0 = Debug|Any CPU
		{12AC0E4F-8A0D-4885-A92C-2C6678B25D32}.Debug|x64.ActiveCfg = Debug|x64
		{12AC0E4F-8A0D-4885-A92C-2C6678B25D32}.Debug|x64.Build.0 = Debug|x64
		{12AC0E4F-8A0D-4885-A92C-2C6678B25D32}.Release|Any CPU.ActiveCfg = Release|Any CPU
		{12AC0E4F-8A0D-4885-A92C-2C6678B25D32}.Release|Any CPU.Build.0 = Release|Any CPU
		{12AC0E4F-8A0D-4885-A92C-2C6678B25D32}.Release|x64.ActiveCfg = Release|x64
		{12AC0E4F-8A0D-4885-A92C-2C6678B25D32}.Release|x64.Build.0 = Release|x64
		{50E76053-9A84-4663-BF27-0373C815C378}.Debug|Any CPU.ActiveCfg = Debug|Any CPU
		{50E76053-9A84-4663-BF27-0373C815C378}.Debug|Any CPU.Build.0 = Debug|Any CPU
		{50E76053-9A84-4663-BF27-0373C815C378}.Debug|x64.ActiveCfg = Debug|Any CPU
		{50E76053-9A84-4663-BF27-0373C815C378}.Debug|x64.Build.0 = Debug|Any CPU
		{50E76053-9A84-4663-BF27-0373C815C378}.Release|Any CPU.ActiveCfg = Release|Any CPU
		{50E76053-9A84-4663-BF27-0373C815C378}.Release|Any CPU.Build.0 = Release|Any CPU
		{50E76053-9A84-4663-BF27-0373C815C378}.Release|x64.ActiveCfg = Release|Any CPU
		{50E76053-9A84-4663-BF27-0373C815C378}.Release|x64.Build.0 = Release|Any CPU
		{65E61C51-96EB-4231-99F7-8655211A410A}.Debug|Any CPU.ActiveCfg = Debug|Any CPU
		{65E61C51-96EB-4231-99F7-8655211A410A}.Debug|Any CPU.Build.0 = Debug|Any CPU
		{65E61C51-96EB-4231-99F7-8655211A410A}.Debug|x64.ActiveCfg = Debug|Any CPU
		{65E61C51-96EB-4231-99F7-8655211A410A}.Debug|x64.Build.0 = Debug|Any CPU
		{65E61C51-96EB-4231-99F7-8655211A410A}.Release|Any CPU.ActiveCfg = Release|Any CPU
		{65E61C51-96EB-4231-99F7-8655211A410A}.Release|Any CPU.Build.0 = Release|Any CPU
		{65E61C51-96EB-4231-99F7-8655211A410A}.Release|x64.ActiveCfg = Release|Any CPU
		{65E61C51-96EB-4231-99F7-8655211A410A}.Release|x64.Build.0 = Release|Any CPU
		{05E94301-3496-4CE7-95B7-8CD1FF74A166}.Debug|Any CPU.ActiveCfg = Debug|Any CPU
		{05E94301-3496-4CE7-95B7-8CD1FF74A166}.Debug|Any CPU.Build.0 = Debug|Any CPU
		{05E94301-3496-4CE7-95B7-8CD1FF74A166}.Debug|x64.ActiveCfg = Debug|Any CPU
		{05E94301-3496-4CE7-95B7-8CD1FF74A166}.Debug|x64.Build.0 = Debug|Any CPU
		{05E94301-3496-4CE7-95B7-8CD1FF74A166}.Release|Any CPU.ActiveCfg = Release|Any CPU
		{05E94301-3496-4CE7-95B7-8CD1FF74A166}.Release|Any CPU.Build.0 = Release|Any CPU
		{05E94301-3496-4CE7-95B7-8CD1FF74A166}.Release|x64.ActiveCfg = Release|Any CPU
		{05E94301-3496-4CE7-95B7-8CD1FF74A166}.Release|x64.Build.0 = Release|Any CPU
		{69E26F99-9EA4-441B-AB65-EC3D1E269235}.Debug|Any CPU.ActiveCfg = Debug|Any CPU
		{69E26F99-9EA4-441B-AB65-EC3D1E269235}.Debug|Any CPU.Build.0 = Debug|Any CPU
		{69E26F99-9EA4-441B-AB65-EC3D1E269235}.Debug|x64.ActiveCfg = Debug|Any CPU
		{69E26F99-9EA4-441B-AB65-EC3D1E269235}.Debug|x64.Build.0 = Debug|Any CPU
		{69E26F99-9EA4-441B-AB65-EC3D1E269235}.Release|Any CPU.ActiveCfg = Release|Any CPU
		{69E26F99-9EA4-441B-AB65-EC3D1E269235}.Release|Any CPU.Build.0 = Release|Any CPU
		{69E26F99-9EA4-441B-AB65-EC3D1E269235}.Release|x64.ActiveCfg = Release|Any CPU
		{69E26F99-9EA4-441B-AB65-EC3D1E269235}.Release|x64.Build.0 = Release|Any CPU
		{C4FEBAF8-C7AA-4B67-82FB-F1715A47B6E4}.Debug|Any CPU.ActiveCfg = Debug|Any CPU
		{C4FEBAF8-C7AA-4B67-82FB-F1715A47B6E4}.Debug|Any CPU.Build.0 = Debug|Any CPU
		{C4FEBAF8-C7AA-4B67-82FB-F1715A47B6E4}.Debug|x64.ActiveCfg = Debug|Any CPU
		{C4FEBAF8-C7AA-4B67-82FB-F1715A47B6E4}.Debug|x64.Build.0 = Debug|Any CPU
		{C4FEBAF8-C7AA-4B67-82FB-F1715A47B6E4}.Release|Any CPU.ActiveCfg = Release|Any CPU
		{C4FEBAF8-C7AA-4B67-82FB-F1715A47B6E4}.Release|Any CPU.Build.0 = Release|Any CPU
		{C4FEBAF8-C7AA-4B67-82FB-F1715A47B6E4}.Release|x64.ActiveCfg = Release|Any CPU
		{C4FEBAF8-C7AA-4B67-82FB-F1715A47B6E4}.Release|x64.Build.0 = Release|Any CPU
	EndGlobalSection
	GlobalSection(SolutionProperties) = preSolution
		HideSolutionNode = FALSE
	EndGlobalSection
	GlobalSection(NestedProjects) = preSolution
		{37646FD6-E0AE-466F-A2B2-C553503E3B14} = {874FC094-844E-48AC-A373-27D53F63AEE9}
		{12AC0E4F-8A0D-4885-A92C-2C6678B25D32} = {874FC094-844E-48AC-A373-27D53F63AEE9}
		{50E76053-9A84-4663-BF27-0373C815C378} = {CC8C7DCC-AD71-47E7-902A-F63571C1D88B}
		{65E61C51-96EB-4231-99F7-8655211A410A} = {CC8C7DCC-AD71-47E7-902A-F63571C1D88B}
		{05E94301-3496-4CE7-95B7-8CD1FF74A166} = {CC8C7DCC-AD71-47E7-902A-F63571C1D88B}
		{69E26F99-9EA4-441B-AB65-EC3D1E269235} = {CC8C7DCC-AD71-47E7-902A-F63571C1D88B}
		{C4FEBAF8-C7AA-4B67-82FB-F1715A47B6E4} = {CC8C7DCC-AD71-47E7-902A-F63571C1D88B}
	EndGlobalSection
	GlobalSection(ExtensibilityGlobals) = postSolution
		SolutionGuid = {0C2034FE-36B7-4C64-8E1B-4942FA977787}
	EndGlobalSection
EndGlobal
